{
  "name": "collab_editor_service",
  "version": "1.0.0",
  "lockfileVersion": 2,
  "requires": true,
  "packages": {
    "": {
      "name": "collab_editor_service",
      "version": "1.0.0",
      "license": "ISC",
      "dependencies": {
        "@codemirror/collab": "^6.1.1"
      }
    },
    "node_modules/@codemirror/collab": {
      "version": "6.1.1",
      "resolved": "https://registry.npmjs.org/@codemirror/collab/-/collab-6.1.1.tgz",
      "integrity": "sha512-tkIn9Jguh98ie12dbBuba3lE8LHUkaMrIFuCVeVGhncSczFdKmX25vC12+58+yqQW5AXi3py6jWY0W+jelyglA==",
      "dependencies": {
        "@codemirror/state": "^6.0.0"
      }
    },
    "node_modules/@codemirror/state": {
      "version": "6.3.1",
      "resolved": "https://registry.npmjs.org/@codemirror/state/-/state-6.3.1.tgz",
      "integrity": "sha512-88e4HhMtKJyw6fKprGaN/yZfiaoGYOi2nM45YCUC6R/kex9sxFWBDGatS1vk4lMgnWmdIIB9tk8Gj1LmL8YfvA=="
    }
  },
  "dependencies": {
    "@codemirror/collab": {
      "version": "6.1.1",
      "resolved": "https://registry.npmjs.org/@codemirror/collab/-/collab-6.1.1.tgz",
      "integrity": "sha512-tkIn9Jguh98ie12dbBuba3lE8LHUkaMrIFuCVeVGhncSczFdKmX25vC12+58+yqQW5AXi3py6jWY0W+jelyglA==",
      "requires": {
        "@codemirror/state": "^6.0.0"
      }
    },
    "@codemirror/state": {
      "version": "6.3.1",
      "resolved": "https://registry.npmjs.org/@codemirror/state/-/state-6.3.1.tgz",
      "integrity": "sha512-88e4HhMtKJyw6fKprGaN/yZfiaoGYOi2nM45YCUC6R/kex9sxFWBDGatS1vk4lMgnWmdIIB9tk8Gj1LmL8YfvA=="
    }
  }
}
